PODS:
  - Nimble (8.0.2)
  - Quick (2.1.0)
  - SnapshotTesting (1.5.0)
  - SnapshotTesting-Nimble (0.2.0):
    - Nimble
    - SnapshotTesting (= 1.5.0)

DEPENDENCIES:
  - Nimble (~> 8.0.2)
  - Quick (~> 2.1.0)
  - SnapshotTesting-Nimble (from `../`)

SPEC REPOS:
  https://github.com/cocoapods/specs.git:
    - Nimble
    - Quick
    - SnapshotTesting

EXTERNAL SOURCES:
  SnapshotTesting-Nimble:
    :path: "../"

SPEC CHECKSUMS:
  Nimble: 622629381bda1dd5678162f21f1368cec7cbba60
  Quick: 4be43f6634acfa727dd106bdf3929ce125ffa79d
  SnapshotTesting: 9ca1d80f6322509a035856170c11d0571b1f7171
  SnapshotTesting-Nimble: e542069b2602da3fb7d96b2468aa28978b994041

PODFILE CHECKSUM: 0e5941bffbafce1b14c5983764497be59aa9280f

COCOAPODS: 1.7.1
