PODS:
  - Nimble (8.1.1)
  - Quick (3.0.0)
  - SnapshotTesting (1.7.2)
  - SnapshotTesting-Nimble (0.2.1):
    - Nimble
    - SnapshotTesting

DEPENDENCIES:
  - Nimble (= 8.1.1)
  - Quick (= 3.0.0)
  - SnapshotTesting-Nimble (from `../`)

SPEC REPOS:
  trunk:
    - Nimble
    - Quick
    - SnapshotTesting

EXTERNAL SOURCES:
  SnapshotTesting-Nimble:
    :path: "../"

SPEC CHECKSUMS:
  Nimble: 5f8a2fb6fa343a7242dfdd9d42f7267419d464b2
  Quick: 6d9559f40647bc4d510103842ef2fdd882d753e2
  SnapshotTesting: 8caa6661fea7c8019d5b46de77c16bab99c36c5c
  SnapshotTesting-Nimble: 1950d5c6ae3e0e0a18952f04361ea56398cd7804

PODFILE CHECKSUM: 541dac28d1df5a0a58e1482be57edc5c28a3cf71

COCOAPODS: 1.9.3
