PODS:
  - Nimble (8.0.4)
  - Quick (2.2.0)
  - SnapshotTesting (1.6.0)
  - SnapshotTesting-Nimble (0.2.0):
    - Nimble
    - SnapshotTesting (= 1.6.0)

DEPENDENCIES:
  - Nimble (~> 8.0.4)
  - Quick (~> 2.2.0)
  - SnapshotTesting-Nimble (from `../`)

SPEC REPOS:
  https://github.com/cocoapods/specs.git:
    - Nimble
    - Quick
    - SnapshotTesting

EXTERNAL SOURCES:
  SnapshotTesting-Nimble:
    :path: "../"

SPEC CHECKSUMS:
  Nimble: 18d5360282923225d62b09d781f63abc1a0111fc
  Quick: 7fb19e13be07b5dfb3b90d4f9824c855a11af40e
  SnapshotTesting: 9f478335073a830eafb7dc1fcd526c5e90143991
  SnapshotTesting-Nimble: e6aacec9c48882cd6068052c551c66ab1d604009

PODFILE CHECKSUM: 5fb0da0782bd58732e419e620d6559234dce0dbd

COCOAPODS: 1.7.5
